
Microsoft Visual Studio Solution File, Format Version 12.00
# Visual Studio Version 16
VisualStudioVersion = 16.0.30002.166
MinimumVisualStudioVersion = 10.0.40219.1
Project("{FAE04EC0-301F-11D3-BF4B-00C04F79EFBC}") = "CreaturesPlus", "CreaturesPlus\CreaturesPlus.csproj", "{EC1937FF-0E8D-4564-A2AF-8E423DF0F3C0}"
EndProject
Global
	GlobalSection(SolutionConfigurationPlatforms) = preSolution
		Debug|Any CPU = Debug|Any CPU
		Release|Any CPU = Release|Any CPU
	EndGlobalSection
	GlobalSection(ProjectConfigurationPlatforms) = postSolution
		{EC1937FF-0E8D-4564-A2AF-8E423DF0F3C0}.Debug|Any CPU.ActiveCfg = Debug|Any CPU
		{EC1937FF-0E8D-4564-A2AF-8E423DF0F3C0}.Debug|Any CPU.Build.0 = Debug|Any CPU
		{EC1937FF-0E8D-4564-A2AF-8E423DF0F3C0}.Release|Any CPU.ActiveCfg = Release|Any CPU
		{EC1937FF-0E8D-4564-A2AF-8E423DF0F3C0}.Release|Any CPU.Build.0 = Release|Any CPU
	EndGlobalSection
	GlobalSection(SolutionProperties) = preSolution
		HideSolutionNode = FALSE
	EndGlobalSection
	GlobalSection(ExtensibilityGlobals) = postSolution
		SolutionGuid = {0A27D3D9-8F28-4CC6-B488-FEF2A0DE011F}
	EndGlobalSection
EndGlobal
